
Microsoft Visual Studio Solution File, Format Version 12.00
# Visual Studio 15
VisualStudioVersion = 15.0.28307.421
MinimumVisualStudioVersion = 10.0.40219.1
Project("{9A19103F-16F7-4668-BE54-9A1E7A4F7556}") = "TowerScaffolding", "TowerScaffolding\TowerScaffolding.csproj", "{4879D18D-C48B-40FE-B748-2F847A6AD23A}"
EndProject
Global
	GlobalSection(SolutionConfigurationPlatforms) = preSolution
		Debug|Any CPU = Debug|Any CPU
		Release|Any CPU = Release|Any CPU
	EndGlobalSection
	GlobalSection(ProjectConfigurationPlatforms) = postSolution
		{4879D18D-C48B-40FE-B748-2F847A6AD23A}.Debug|Any CPU.ActiveCfg = Debug|Any CPU
		{4879D18D-C48B-40FE-B748-2F847A6AD23A}.Debug|Any CPU.Build.0 = Debug|Any CPU
		{4879D18D-C48B-40FE-B748-2F847A6AD23A}.Release|Any CPU.ActiveCfg = Release|Any CPU
		{4879D18D-C48B-40FE-B748-2F847A6AD23A}.Release|Any CPU.Build.0 = Release|Any CPU
	EndGlobalSection
	GlobalSection(SolutionProperties) = preSolution
		HideSolutionNode = FALSE
	EndGlobalSection
	GlobalSection(ExtensibilityGlobals) = postSolution
		SolutionGuid = {861CC333-C2A4-4F61-ADD9-DEEEB80DE713}
	EndGlobalSection
EndGlobal
